
Microsoft Visual Studio Solution File, Format Version 12.00
# Visual Studio Version 17
VisualStudioVersion = 17.6.33815.320
MinimumVisualStudioVersion = 10.0.40219.1
Project("{FAE04EC0-301F-11D3-BF4B-00C04F79EFBC}") = "miniProject1", "miniProject1\miniProject1.csproj", "{349FB4D5-2F00-42F2-A69D-993654A8D4AF}"
EndProject
Global
	GlobalSection(SolutionConfigurationPlatforms) = preSolution
		Debug|Any CPU = Debug|Any CPU
		Release|Any CPU = Release|Any CPU
	EndGlobalSection
	GlobalSection(ProjectConfigurationPlatforms) = postSolution
		{349FB4D5-2F00-42F2-A69D-993654A8D4AF}.Debug|Any CPU.ActiveCfg = Debug|Any CPU
		{349FB4D5-2F00-42F2-A69D-993654A8D4AF}.Debug|Any CPU.Build.0 = Debug|Any CPU
		{349FB4D5-2F00-42F2-A69D-993654A8D4AF}.Release|Any CPU.ActiveCfg = Release|Any CPU
		{349FB4D5-2F00-42F2-A69D-993654A8D4AF}.Release|Any CPU.Build.0 = Release|Any CPU
	EndGlobalSection
	GlobalSection(SolutionProperties) = preSolution
		HideSolutionNode = FALSE
	EndGlobalSection
	GlobalSection(ExtensibilityGlobals) = postSolution
		SolutionGuid = {A3A068D8-2149-44AD-8DC7-AFF4CD5BCF00}
	EndGlobalSection
EndGlobal
